{
  "name": "frontend",
  "version": "1.0.0",
  "lockfileVersion": 2,
  "requires": true,
  "packages": {
    "": {
      "version": "1.0.0",
      "license": "ISC",
      "dependencies": {
        "angular-expressions": "^1.1.0"
      }
    },
    "node_modules/angular-expressions": {
      "version": "1.1.0",
      "resolved": "https://registry.npmjs.org/angular-expressions/-/angular-expressions-1.1.0.tgz",
      "integrity": "sha512-XNXbyxXmt5NMrqVnURQ9lItHhhRytpFHfheid+qa3sQs2MtZtFcMMa0HtzzgN6HOzJvGiQ2XidMTkUsbPteDQw=="
    }
  },
  "dependencies": {
    "angular-expressions": {
      "version": "1.1.0",
      "resolved": "https://registry.npmjs.org/angular-expressions/-/angular-expressions-1.1.0.tgz",
      "integrity": "sha512-XNXbyxXmt5NMrqVnURQ9lItHhhRytpFHfheid+qa3sQs2MtZtFcMMa0HtzzgN6HOzJvGiQ2XidMTkUsbPteDQw=="
    }
  }
}
