{
  "name": "frontend",
  "version": "1.0.0",
  "lockfileVersion": 2,
  "requires": true,
  "packages": {
    "": {
      "name": "frontend",
      "version": "1.0.0",
      "license": "ISC",
      "dependencies": {
        "angular-expressions": "^1.4.3"
      }
    },
    "node_modules/angular-expressions": {
      "version": "1.4.3",
      "resolved": "https://registry.npmjs.org/angular-expressions/-/angular-expressions-1.4.3.tgz",
      "integrity": "sha512-r7j+dqOuHy0OYiR5AazDixU/Us3TDN2FfuxGX4Dq6d61Y2MhBQHMdUNBfkkLPjDqVm2Is394h31gC3bcBwy9zw==",
      "license": "Unlicense"
    }
  },
  "dependencies": {
    "angular-expressions": {
      "version": "1.4.3",
      "resolved": "https://registry.npmjs.org/angular-expressions/-/angular-expressions-1.4.3.tgz",
      "integrity": "sha512-r7j+dqOuHy0OYiR5AazDixU/Us3TDN2FfuxGX4Dq6d61Y2MhBQHMdUNBfkkLPjDqVm2Is394h31gC3bcBwy9zw=="
    }
  }
}
